{
  "name": "generative-sandbox",
  "version": "1.0.0",
  "lockfileVersion": 2,
  "requires": true,
  "packages": {
    "": {
      "name": "generative-sandbox",
      "version": "1.0.0",
      "license": "MIT",
      "dependencies": {
        "generative-tools": "^1.0.0"
      }
    },
    "node_modules/generative-tools": {
      "version": "1.0.0",
      "resolved": "https://registry.npmjs.org/generative-tools/-/generative-tools-1.0.0.tgz",
      "integrity": "sha512-6BOwT17LseDdkzle+3oew8Skp2bj4AKrywrLUfRCC2PUNT/Kwda0QXomTAkoj0GDn0VKF9ej4NH7oit1J4AgxQ=="
    }
  },
  "dependencies": {
    "generative-tools": {
      "version": "1.0.0",
      "resolved": "https://registry.npmjs.org/generative-tools/-/generative-tools-1.0.0.tgz",
      "integrity": "sha512-6BOwT17LseDdkzle+3oew8Skp2bj4AKrywrLUfRCC2PUNT/Kwda0QXomTAkoj0GDn0VKF9ej4NH7oit1J4AgxQ=="
    }
  }
}
